
Microsoft Visual Studio Solution File, Format Version 12.00
# Visual Studio Version 17
VisualStudioVersion = 17.4.33122.133
MinimumVisualStudioVersion = 10.0.40219.1
Project("{9A19103F-16F7-4668-BE54-9A1E7A4F7556}") = "MeetupWebApi.WEB", "MeetupWebApi.WEB\MeetupWebApi.WEB.csproj", "{C27E94A0-362A-4AE4-9391-9CAB475A72C9}"
EndProject
Project("{9A19103F-16F7-4668-BE54-9A1E7A4F7556}") = "MeetupWebApi.BLL", "MeetupWebApi.BLL\MeetupWebApi.BLL.csproj", "{7E22158B-56D4-4D93-8119-F5ACDF628E9D}"
EndProject
Project("{9A19103F-16F7-4668-BE54-9A1E7A4F7556}") = "MeetupWebApi.DAL", "MeetupWebApi.DAL\MeetupWebApi.DAL.csproj", "{F34B8409-6491-4297-A825-E58F87F797B0}"
EndProject
Global
	GlobalSection(SolutionConfigurationPlatforms) = preSolution
		Debug|Any CPU = Debug|Any CPU
		Release|Any CPU = Release|Any CPU
	EndGlobalSection
	GlobalSection(ProjectConfigurationPlatforms) = postSolution
		{C27E94A0-362A-4AE4-9391-9CAB475A72C9}.Debug|Any CPU.ActiveCfg = Debug|Any CPU
		{C27E94A0-362A-4AE4-9391-9CAB475A72C9}.Debug|Any CPU.Build.0 = Debug|Any CPU
		{C27E94A0-362A-4AE4-9391-9CAB475A72C9}.Release|Any CPU.ActiveCfg = Release|Any CPU
		{C27E94A0-362A-4AE4-9391-9CAB475A72C9}.Release|Any CPU.Build.0 = Release|Any CPU
		{7E22158B-56D4-4D93-8119-F5ACDF628E9D}.Debug|Any CPU.ActiveCfg = Debug|Any CPU
		{7E22158B-56D4-4D93-8119-F5ACDF628E9D}.Debug|Any CPU.Build.0 = Debug|Any CPU
		{7E22158B-56D4-4D93-8119-F5ACDF628E9D}.Release|Any CPU.ActiveCfg = Release|Any CPU
		{7E22158B-56D4-4D93-8119-F5ACDF628E9D}.Release|Any CPU.Build.0 = Release|Any CPU
		{F34B8409-6491-4297-A825-E58F87F797B0}.Debug|Any CPU.ActiveCfg = Debug|Any CPU
		{F34B8409-6491-4297-A825-E58F87F797B0}.Debug|Any CPU.Build.0 = Debug|Any CPU
		{F34B8409-6491-4297-A825-E58F87F797B0}.Release|Any CPU.ActiveCfg = Release|Any CPU
		{F34B8409-6491-4297-A825-E58F87F797B0}.Release|Any CPU.Build.0 = Release|Any CPU
	EndGlobalSection
	GlobalSection(SolutionProperties) = preSolution
		HideSolutionNode = FALSE
	EndGlobalSection
	GlobalSection(ExtensibilityGlobals) = postSolution
		SolutionGuid = {F28C9DF6-45B8-4430-81AB-45499572DC7D}
	EndGlobalSection
EndGlobal
